
Microsoft Visual Studio Solution File, Format Version 12.00
# Visual Studio Version 16
VisualStudioVersion = 16.0.31729.503
MinimumVisualStudioVersion = 10.0.40219.1
Project("{FAE04EC0-301F-11D3-BF4B-00C04F79EFBC}") = "Media 4 Numbers", "Media 4 Numbers.csproj", "{F8ED0142-3936-4777-9765-E8303146FC5F}"
EndProject
Global
	GlobalSection(SolutionConfigurationPlatforms) = preSolution
		Debug|Any CPU = Debug|Any CPU
		Release|Any CPU = Release|Any CPU
	EndGlobalSection
	GlobalSection(ProjectConfigurationPlatforms) = postSolution
		{F8ED0142-3936-4777-9765-E8303146FC5F}.Debug|Any CPU.ActiveCfg = Debug|Any CPU
		{F8ED0142-3936-4777-9765-E8303146FC5F}.Debug|Any CPU.Build.0 = Debug|Any CPU
		{F8ED0142-3936-4777-9765-E8303146FC5F}.Release|Any CPU.ActiveCfg = Release|Any CPU
		{F8ED0142-3936-4777-9765-E8303146FC5F}.Release|Any CPU.Build.0 = Release|Any CPU
	EndGlobalSection
	GlobalSection(SolutionProperties) = preSolution
		HideSolutionNode = FALSE
	EndGlobalSection
	GlobalSection(ExtensibilityGlobals) = postSolution
		SolutionGuid = {79E51B85-AA3D-4110-83C2-B4598400166E}
	EndGlobalSection
EndGlobal
