
Microsoft Visual Studio Solution File, Format Version 12.00
# Visual Studio Version 16
VisualStudioVersion = 16.0.31729.503
MinimumVisualStudioVersion = 10.0.40219.1
Project("{FAE04EC0-301F-11D3-BF4B-00C04F79EFBC}") = "LinkedList5", "LinkedList5.csproj", "{8FD7D03E-A0C8-4368-8B59-2B38ED511ACD}"
EndProject
Global
	GlobalSection(SolutionConfigurationPlatforms) = preSolution
		Debug|Any CPU = Debug|Any CPU
		Release|Any CPU = Release|Any CPU
	EndGlobalSection
	GlobalSection(ProjectConfigurationPlatforms) = postSolution
		{8FD7D03E-A0C8-4368-8B59-2B38ED511ACD}.Debug|Any CPU.ActiveCfg = Debug|Any CPU
		{8FD7D03E-A0C8-4368-8B59-2B38ED511ACD}.Debug|Any CPU.Build.0 = Debug|Any CPU
		{8FD7D03E-A0C8-4368-8B59-2B38ED511ACD}.Release|Any CPU.ActiveCfg = Release|Any CPU
		{8FD7D03E-A0C8-4368-8B59-2B38ED511ACD}.Release|Any CPU.Build.0 = Release|Any CPU
	EndGlobalSection
	GlobalSection(SolutionProperties) = preSolution
		HideSolutionNode = FALSE
	EndGlobalSection
	GlobalSection(ExtensibilityGlobals) = postSolution
		SolutionGuid = {32386FB8-7087-499B-B182-E6AEAE849C18}
	EndGlobalSection
EndGlobal
