
Microsoft Visual Studio Solution File, Format Version 12.00
# Visual Studio Version 16
VisualStudioVersion = 16.0.31729.503
MinimumVisualStudioVersion = 10.0.40219.1
Project("{FAE04EC0-301F-11D3-BF4B-00C04F79EFBC}") = "BInaryTree3", "BInaryTree3.csproj", "{5125FFFC-2687-4F3E-9A75-C2B47CEBC899}"
EndProject
Global
	GlobalSection(SolutionConfigurationPlatforms) = preSolution
		Debug|Any CPU = Debug|Any CPU
		Release|Any CPU = Release|Any CPU
	EndGlobalSection
	GlobalSection(ProjectConfigurationPlatforms) = postSolution
		{5125FFFC-2687-4F3E-9A75-C2B47CEBC899}.Debug|Any CPU.ActiveCfg = Debug|Any CPU
		{5125FFFC-2687-4F3E-9A75-C2B47CEBC899}.Debug|Any CPU.Build.0 = Debug|Any CPU
		{5125FFFC-2687-4F3E-9A75-C2B47CEBC899}.Release|Any CPU.ActiveCfg = Release|Any CPU
		{5125FFFC-2687-4F3E-9A75-C2B47CEBC899}.Release|Any CPU.Build.0 = Release|Any CPU
	EndGlobalSection
	GlobalSection(SolutionProperties) = preSolution
		HideSolutionNode = FALSE
	EndGlobalSection
	GlobalSection(ExtensibilityGlobals) = postSolution
		SolutionGuid = {F0EEA0C9-F08C-43B3-962E-AD55FABC6FBC}
	EndGlobalSection
EndGlobal
