
Microsoft Visual Studio Solution File, Format Version 12.00
# Visual Studio Version 16
VisualStudioVersion = 16.0.31729.503
MinimumVisualStudioVersion = 10.0.40219.1
Project("{FAE04EC0-301F-11D3-BF4B-00C04F79EFBC}") = "Stacks DouglasMaioli", "Stacks DouglasMaioli.csproj", "{BCDDD5BF-FCB2-4F7F-B0C2-B627FF73C021}"
EndProject
Global
	GlobalSection(SolutionConfigurationPlatforms) = preSolution
		Debug|Any CPU = Debug|Any CPU
		Release|Any CPU = Release|Any CPU
	EndGlobalSection
	GlobalSection(ProjectConfigurationPlatforms) = postSolution
		{BCDDD5BF-FCB2-4F7F-B0C2-B627FF73C021}.Debug|Any CPU.ActiveCfg = Debug|Any CPU
		{BCDDD5BF-FCB2-4F7F-B0C2-B627FF73C021}.Debug|Any CPU.Build.0 = Debug|Any CPU
		{BCDDD5BF-FCB2-4F7F-B0C2-B627FF73C021}.Release|Any CPU.ActiveCfg = Release|Any CPU
		{BCDDD5BF-FCB2-4F7F-B0C2-B627FF73C021}.Release|Any CPU.Build.0 = Release|Any CPU
	EndGlobalSection
	GlobalSection(SolutionProperties) = preSolution
		HideSolutionNode = FALSE
	EndGlobalSection
	GlobalSection(ExtensibilityGlobals) = postSolution
		SolutionGuid = {19CB68EA-531F-4376-A337-AFA12451AD1E}
	EndGlobalSection
EndGlobal
