
Microsoft Visual Studio Solution File, Format Version 12.00
# Visual Studio Version 16
VisualStudioVersion = 16.0.31729.503
MinimumVisualStudioVersion = 10.0.40219.1
Project("{FAE04EC0-301F-11D3-BF4B-00C04F79EFBC}") = "CollegeProject", "CollegeProject.csproj", "{EA620CDB-57F2-457D-BF92-45911EE84F4D}"
EndProject
Global
	GlobalSection(SolutionConfigurationPlatforms) = preSolution
		Debug|Any CPU = Debug|Any CPU
		Release|Any CPU = Release|Any CPU
	EndGlobalSection
	GlobalSection(ProjectConfigurationPlatforms) = postSolution
		{EA620CDB-57F2-457D-BF92-45911EE84F4D}.Debug|Any CPU.ActiveCfg = Debug|Any CPU
		{EA620CDB-57F2-457D-BF92-45911EE84F4D}.Debug|Any CPU.Build.0 = Debug|Any CPU
		{EA620CDB-57F2-457D-BF92-45911EE84F4D}.Release|Any CPU.ActiveCfg = Release|Any CPU
		{EA620CDB-57F2-457D-BF92-45911EE84F4D}.Release|Any CPU.Build.0 = Release|Any CPU
	EndGlobalSection
	GlobalSection(SolutionProperties) = preSolution
		HideSolutionNode = FALSE
	EndGlobalSection
	GlobalSection(ExtensibilityGlobals) = postSolution
		SolutionGuid = {6A6041D5-130F-4B63-AA61-5A21CAB1DFCB}
	EndGlobalSection
EndGlobal
