
Microsoft Visual Studio Solution File, Format Version 12.00
# Visual Studio Version 16
VisualStudioVersion = 16.0.31729.503
MinimumVisualStudioVersion = 10.0.40219.1
Project("{FAE04EC0-301F-11D3-BF4B-00C04F79EFBC}") = "PlaylistProjectWithDatabase", "PlaylistProjectWithDatabase.csproj", "{176DA54A-9377-4038-99B0-B7EEAB95E4D6}"
EndProject
Global
	GlobalSection(SolutionConfigurationPlatforms) = preSolution
		Debug|Any CPU = Debug|Any CPU
		Release|Any CPU = Release|Any CPU
	EndGlobalSection
	GlobalSection(ProjectConfigurationPlatforms) = postSolution
		{176DA54A-9377-4038-99B0-B7EEAB95E4D6}.Debug|Any CPU.ActiveCfg = Debug|Any CPU
		{176DA54A-9377-4038-99B0-B7EEAB95E4D6}.Debug|Any CPU.Build.0 = Debug|Any CPU
		{176DA54A-9377-4038-99B0-B7EEAB95E4D6}.Release|Any CPU.ActiveCfg = Release|Any CPU
		{176DA54A-9377-4038-99B0-B7EEAB95E4D6}.Release|Any CPU.Build.0 = Release|Any CPU
	EndGlobalSection
	GlobalSection(SolutionProperties) = preSolution
		HideSolutionNode = FALSE
	EndGlobalSection
	GlobalSection(ExtensibilityGlobals) = postSolution
		SolutionGuid = {87181FA3-A3F3-421F-A41F-56294029157F}
	EndGlobalSection
EndGlobal
