
Microsoft Visual Studio Solution File, Format Version 12.00
# Visual Studio Version 16
VisualStudioVersion = 16.0.31729.503
MinimumVisualStudioVersion = 10.0.40219.1
Project("{FAE04EC0-301F-11D3-BF4B-00C04F79EFBC}") = "Filas(Queues) DM", "Filas(Queues) DM.csproj", "{9B601B2B-B701-4360-9789-0C8447BAB4E2}"
EndProject
Global
	GlobalSection(SolutionConfigurationPlatforms) = preSolution
		Debug|Any CPU = Debug|Any CPU
		Release|Any CPU = Release|Any CPU
	EndGlobalSection
	GlobalSection(ProjectConfigurationPlatforms) = postSolution
		{9B601B2B-B701-4360-9789-0C8447BAB4E2}.Debug|Any CPU.ActiveCfg = Debug|Any CPU
		{9B601B2B-B701-4360-9789-0C8447BAB4E2}.Debug|Any CPU.Build.0 = Debug|Any CPU
		{9B601B2B-B701-4360-9789-0C8447BAB4E2}.Release|Any CPU.ActiveCfg = Release|Any CPU
		{9B601B2B-B701-4360-9789-0C8447BAB4E2}.Release|Any CPU.Build.0 = Release|Any CPU
	EndGlobalSection
	GlobalSection(SolutionProperties) = preSolution
		HideSolutionNode = FALSE
	EndGlobalSection
	GlobalSection(ExtensibilityGlobals) = postSolution
		SolutionGuid = {0761FB26-3173-43EC-8691-551B32ED4277}
	EndGlobalSection
EndGlobal
